
Microsoft Visual Studio Solution File, Format Version 12.00
# Visual Studio 15
VisualStudioVersion = 15.0.26430.13
MinimumVisualStudioVersion = 15.0.26124.0
Project("{9A19103F-16F7-4668-BE54-9A1E7A4F7556}") = "ApiApp", "ApiApp\ApiApp.csproj", "{454C2629-032B-4EE3-AD7E-2B08A16C264D}"
EndProject
Project("{9A19103F-16F7-4668-BE54-9A1E7A4F7556}") = "ClientApp", "ClientApp\ClientApp.csproj", "{3B48DD57-2BB6-4C48-BD05-5778F26FCE9C}"
EndProject
Project("{FAE04EC0-301F-11D3-BF4B-00C04F79EFBC}") = "IdentityApp", "IdentityApp\IdentityApp.csproj", "{4D95FBB9-C49B-4D19-86EF-9F3E67382A3D}"
EndProject
Global
	GlobalSection(SolutionConfigurationPlatforms) = preSolution
		Debug|Any CPU = Debug|Any CPU
		Debug|x64 = Debug|x64
		Debug|x86 = Debug|x86
		Release|Any CPU = Release|Any CPU
		Release|x64 = Release|x64
		Release|x86 = Release|x86
	EndGlobalSection
	GlobalSection(ProjectConfigurationPlatforms) = postSolution
		{454C2629-032B-4EE3-AD7E-2B08A16C264D}.Debug|Any CPU.ActiveCfg = Debug|Any CPU
		{454C2629-032B-4EE3-AD7E-2B08A16C264D}.Debug|Any CPU.Build.0 = Debug|Any CPU
		{454C2629-032B-4EE3-AD7E-2B08A16C264D}.Debug|x64.ActiveCfg = Debug|Any CPU
		{454C2629-032B-4EE3-AD7E-2B08A16C264D}.Debug|x64.Build.0 = Debug|Any CPU
		{454C2629-032B-4EE3-AD7E-2B08A16C264D}.Debug|x86.ActiveCfg = Debug|Any CPU
		{454C2629-032B-4EE3-AD7E-2B08A16C264D}.Debug|x86.Build.0 = Debug|Any CPU
		{454C2629-032B-4EE3-AD7E-2B08A16C264D}.Release|Any CPU.ActiveCfg = Release|Any CPU
		{454C2629-032B-4EE3-AD7E-2B08A16C264D}.Release|Any CPU.Build.0 = Release|Any CPU
		{454C2629-032B-4EE3-AD7E-2B08A16C264D}.Release|x64.ActiveCfg = Release|Any CPU
		{454C2629-032B-4EE3-AD7E-2B08A16C264D}.Release|x64.Build.0 = Release|Any CPU
		{454C2629-032B-4EE3-AD7E-2B08A16C264D}.Release|x86.ActiveCfg = Release|Any CPU
		{454C2629-032B-4EE3-AD7E-2B08A16C264D}.Release|x86.Build.0 = Release|Any CPU
		{3B48DD57-2BB6-4C48-BD05-5778F26FCE9C}.Debug|Any CPU.ActiveCfg = Debug|Any CPU
		{3B48DD57-2BB6-4C48-BD05-5778F26FCE9C}.Debug|Any CPU.Build.0 = Debug|Any CPU
		{3B48DD57-2BB6-4C48-BD05-5778F26FCE9C}.Debug|x64.ActiveCfg = Debug|Any CPU
		{3B48DD57-2BB6-4C48-BD05-5778F26FCE9C}.Debug|x64.Build.0 = Debug|Any CPU
		{3B48DD57-2BB6-4C48-BD05-5778F26FCE9C}.Debug|x86.ActiveCfg = Debug|Any CPU
		{3B48DD57-2BB6-4C48-BD05-5778F26FCE9C}.Debug|x86.Build.0 = Debug|Any CPU
		{3B48DD57-2BB6-4C48-BD05-5778F26FCE9C}.Release|Any CPU.ActiveCfg = Release|Any CPU
		{3B48DD57-2BB6-4C48-BD05-5778F26FCE9C}.Release|Any CPU.Build.0 = Release|Any CPU
		{3B48DD57-2BB6-4C48-BD05-5778F26FCE9C}.Release|x64.ActiveCfg = Release|Any CPU
		{3B48DD57-2BB6-4C48-BD05-5778F26FCE9C}.Release|x64.Build.0 = Release|Any CPU
		{3B48DD57-2BB6-4C48-BD05-5778F26FCE9C}.Release|x86.ActiveCfg = Release|Any CPU
		{3B48DD57-2BB6-4C48-BD05-5778F26FCE9C}.Release|x86.Build.0 = Release|Any CPU
		{4D95FBB9-C49B-4D19-86EF-9F3E67382A3D}.Debug|Any CPU.ActiveCfg = Debug|Any CPU
		{4D95FBB9-C49B-4D19-86EF-9F3E67382A3D}.Debug|Any CPU.Build.0 = Debug|Any CPU
		{4D95FBB9-C49B-4D19-86EF-9F3E67382A3D}.Debug|x64.ActiveCfg = Debug|Any CPU
		{4D95FBB9-C49B-4D19-86EF-9F3E67382A3D}.Debug|x64.Build.0 = Debug|Any CPU
		{4D95FBB9-C49B-4D19-86EF-9F3E67382A3D}.Debug|x86.ActiveCfg = Debug|Any CPU
		{4D95FBB9-C49B-4D19-86EF-9F3E67382A3D}.Debug|x86.Build.0 = Debug|Any CPU
		{4D95FBB9-C49B-4D19-86EF-9F3E67382A3D}.Release|Any CPU.ActiveCfg = Release|Any CPU
		{4D95FBB9-C49B-4D19-86EF-9F3E67382A3D}.Release|Any CPU.Build.0 = Release|Any CPU
		{4D95FBB9-C49B-4D19-86EF-9F3E67382A3D}.Release|x64.ActiveCfg = Release|Any CPU
		{4D95FBB9-C49B-4D19-86EF-9F3E67382A3D}.Release|x64.Build.0 = Release|Any CPU
		{4D95FBB9-C49B-4D19-86EF-9F3E67382A3D}.Release|x86.ActiveCfg = Release|Any CPU
		{4D95FBB9-C49B-4D19-86EF-9F3E67382A3D}.Release|x86.Build.0 = Release|Any CPU
	EndGlobalSection
	GlobalSection(SolutionProperties) = preSolution
		HideSolutionNode = FALSE
	EndGlobalSection
EndGlobal
